// !$*UTF8*$!
{
	archiveVersion = 1;
	classes = {
	};
	objectVersion = 55;
	objects = {

/* Begin PBXBuildFile section */
		CE1EDEF9286CAE060058EDE4 /* AppDelegate.swift in Sources */ = {isa = PBXBuildFile; fileRef = CE1EDEF8286CAE060058EDE4 /* AppDelegate.swift */; };
		CE1EDEFB286CAE060058EDE4 /* SceneDelegate.swift in Sources */ = {isa = PBXBuildFile; fileRef = CE1EDEFA286CAE060058EDE4 /* SceneDelegate.swift */; };
		CE1EDEFD286CAE060058EDE4 /* MainTabController.swift in Sources */ = {isa = PBXBuildFile; fileRef = CE1EDEFC286CAE060058EDE4 /* MainTabController.swift */; };
		CE1EDF02286CAE070058EDE4 /* Assets.xcassets in Resources */ = {isa = PBXBuildFile; fileRef = CE1EDF01286CAE070058EDE4 /* Assets.xcassets */; };
		CE1EDF05286CAE070058EDE4 /* LaunchScreen.storyboard in Resources */ = {isa = PBXBuildFile; fileRef = CE1EDF03286CAE070058EDE4 /* LaunchScreen.storyboard */; };
		CE1EDF0F286CB26C0058EDE4 /* SnapKit in Frameworks */ = {isa = PBXBuildFile; productRef = CE1EDF0E286CB26C0058EDE4 /* SnapKit */; };
		CE1EDF14286CB30A0058EDE4 /* Then in Frameworks */ = {isa = PBXBuildFile; productRef = CE1EDF13286CB30A0058EDE4 /* Then */; };
		CE771DE1286DFAA2004C7BC6 /* Extensions.swift in Sources */ = {isa = PBXBuildFile; fileRef = CE771DE0286DFAA2004C7BC6 /* Extensions.swift */; };
		CE8800D0286CBF3D00A8C1E2 /* WorldTimeController.swift in Sources */ = {isa = PBXBuildFile; fileRef = CE8800CF286CBF3D00A8C1E2 /* WorldTimeController.swift */; };
		CE8800D2286CBF9C00A8C1E2 /* AlarmController.swift in Sources */ = {isa = PBXBuildFile; fileRef = CE8800D1286CBF9C00A8C1E2 /* AlarmController.swift */; };
		CE8800D4286CBFBD00A8C1E2 /* StopwatchController.swift in Sources */ = {isa = PBXBuildFile; fileRef = CE8800D3286CBFBD00A8C1E2 /* StopwatchController.swift */; };
		CE8800D6286CBFD000A8C1E2 /* TimerController.swift in Sources */ = {isa = PBXBuildFile; fileRef = CE8800D5286CBFD000A8C1E2 /* TimerController.swift */; };
		CE8800D9286CC74400A8C1E2 /* HeaderView.swift in Sources */ = {isa = PBXBuildFile; fileRef = CE8800D8286CC74400A8C1E2 /* HeaderView.swift */; };
		CE8800DC286CDA2F00A8C1E2 /* SleepAlarmCollectionViewCell.swift in Sources */ = {isa = PBXBuildFile; fileRef = CE8800DB286CDA2F00A8C1E2 /* SleepAlarmCollectionViewCell.swift */; };
		CE8800DE286CDCCE00A8C1E2 /* AlarmCollectionViewCell.swift in Sources */ = {isa = PBXBuildFile; fileRef = CE8800DD286CDCCE00A8C1E2 /* AlarmCollectionViewCell.swift */; };
		CED4E043286D94CC00D82F18 /* AlarmSectionHeaderCollectionReusableView.swift in Sources */ = {isa = PBXBuildFile; fileRef = CED4E042286D94CC00D82F18 /* AlarmSectionHeaderCollectionReusableView.swift */; };
/* End PBXBuildFile section */

/* Begin PBXFileReference section */
		CE1EDEF5286CAE060058EDE4 /* Basic_Clock.app */ = {isa = PBXFileReference; explicitFileType = wrapper.application; includeInIndex = 0; path = Basic_Clock.app; sourceTree = BUILT_PRODUCTS_DIR; };
		CE1EDEF8286CAE060058EDE4 /* AppDelegate.swift */ = {isa = PBXFileReference; lastKnownFileType = sourcecode.swift; path = AppDelegate.swift; sourceTree = "<group>"; };
		CE1EDEFA286CAE060058EDE4 /* SceneDelegate.swift */ = {isa = PBXFileReference; lastKnownFileType = sourcecode.swift; path = SceneDelegate.swift; sourceTree = "<group>"; };
		CE1EDEFC286CAE060058EDE4 /* MainTabController.swift */ = {isa = PBXFileReference; lastKnownFileType = sourcecode.swift; path = MainTabController.swift; sourceTree = "<group>"; };
		CE1EDF01286CAE070058EDE4 /* Assets.xcassets */ = {isa = PBXFileReference; lastKnownFileType = folder.assetcatalog; path = Assets.xcassets; sourceTree = "<group>"; };
		CE1EDF04286CAE070058EDE4 /* Base */ = {isa = PBXFileReference; lastKnownFileType = file.storyboard; name = Base; path = Base.lproj/LaunchScreen.storyboard; sourceTree = "<group>"; };
		CE1EDF06286CAE070058EDE4 /* Info.plist */ = {isa = PBXFileReference; lastKnownFileType = text.plist.xml; path = Info.plist; sourceTree = "<group>"; };
		CE771DE0286DFAA2004C7BC6 /* Extensions.swift */ = {isa = PBXFileReference; lastKnownFileType = sourcecode.swift; path = Extensions.swift; sourceTree = "<group>"; };
		CE8800CF286CBF3D00A8C1E2 /* WorldTimeController.swift */ = {isa = PBXFileReference; lastKnownFileType = sourcecode.swift; path = WorldTimeController.swift; sourceTree = "<group>"; };
		CE8800D1286CBF9C00A8C1E2 /* AlarmController.swift */ = {isa = PBXFileReference; lastKnownFileType = sourcecode.swift; path = AlarmController.swift; sourceTree = "<group>"; };
		CE8800D3286CBFBD00A8C1E2 /* StopwatchController.swift */ = {isa = PBXFileReference; lastKnownFileType = sourcecode.swift; path = StopwatchController.swift; sourceTree = "<group>"; };
		CE8800D5286CBFD000A8C1E2 /* TimerController.swift */ = {isa = PBXFileReference; lastKnownFileType = sourcecode.swift; path = TimerController.swift; sourceTree = "<group>"; };
		CE8800D8286CC74400A8C1E2 /* HeaderView.swift */ = {isa = PBXFileReference; lastKnownFileType = sourcecode.swift; path = HeaderView.swift; sourceTree = "<group>"; };
		CE8800DB286CDA2F00A8C1E2 /* SleepAlarmCollectionViewCell.swift */ = {isa = PBXFileReference; lastKnownFileType = sourcecode.swift; path = SleepAlarmCollectionViewCell.swift; sourceTree = "<group>"; };
		CE8800DD286CDCCE00A8C1E2 /* AlarmCollectionViewCell.swift */ = {isa = PBXFileReference; lastKnownFileType = sourcecode.swift; path = AlarmCollectionViewCell.swift; sourceTree = "<group>"; };
		CED4E042286D94CC00D82F18 /* AlarmSectionHeaderCollectionReusableView.swift */ = {isa = PBXFileReference; lastKnownFileType = sourcecode.swift; path = AlarmSectionHeaderCollectionReusableView.swift; sourceTree = "<group>"; };
/* End PBXFileReference section */

/* Begin PBXFrameworksBuildPhase section */
		CE1EDEF2286CAE060058EDE4 /* Frameworks */ = {
			isa = PBXFrameworksBuildPhase;
			buildActionMask = 2147483647;
			files = (
				CE1EDF0F286CB26C0058EDE4 /* SnapKit in Frameworks */,
				CE1EDF14286CB30A0058EDE4 /* Then in Frameworks */,
			);
			runOnlyForDeploymentPostprocessing = 0;
		};
/* End PBXFrameworksBuildPhase section */

/* Begin PBXGroup section */
		CE1EDEEC286CAE060058EDE4 = {
			isa = PBXGroup;
			children = (
				CE1EDEF7286CAE060058EDE4 /* Basic_Clock */,
				CE1EDEF6286CAE060058EDE4 /* Products */,
				CE1EDF0C286CB1E90058EDE4 /* Frameworks */,
			);
			sourceTree = "<group>";
		};
		CE1EDEF6286CAE060058EDE4 /* Products */ = {
			isa = PBXGroup;
			children = (
				CE1EDEF5286CAE060058EDE4 /* Basic_Clock.app */,
			);
			name = Products;
			sourceTree = "<group>";
		};
		CE1EDEF7286CAE060058EDE4 /* Basic_Clock */ = {
			isa = PBXGroup;
			children = (
				CE771DDF286DFA94004C7BC6 /* Utils */,
				CE1EDF15286CB35E0058EDE4 /* Screens */,
				CE1EDEF8286CAE060058EDE4 /* AppDelegate.swift */,
				CE1EDEFA286CAE060058EDE4 /* SceneDelegate.swift */,
				CE1EDF01286CAE070058EDE4 /* Assets.xcassets */,
				CE1EDF03286CAE070058EDE4 /* LaunchScreen.storyboard */,
				CE1EDF06286CAE070058EDE4 /* Info.plist */,
			);
			path = Basic_Clock;
			sourceTree = "<group>";
		};
		CE1EDF0C286CB1E90058EDE4 /* Frameworks */ = {
			isa = PBXGroup;
			children = (
			);
			name = Frameworks;
			sourceTree = "<group>";
		};
		CE1EDF15286CB35E0058EDE4 /* Screens */ = {
			isa = PBXGroup;
			children = (
				CE8800D7286CC70B00A8C1E2 /* View */,
				CE1EDF16286CB39A0058EDE4 /* WorldTime */,
				CE1EDF17286CB3A10058EDE4 /* Alarm */,
				CE1EDF18286CB3B50058EDE4 /* Stopwatch */,
				CE1EDF19286CB3C80058EDE4 /* Timer */,
				CE1EDEFC286CAE060058EDE4 /* MainTabController.swift */,
			);
			path = Screens;
			sourceTree = "<group>";
		};
		CE1EDF16286CB39A0058EDE4 /* WorldTime */ = {
			isa = PBXGroup;
			children = (
				CE8800CF286CBF3D00A8C1E2 /* WorldTimeController.swift */,
			);
			path = WorldTime;
			sourceTree = "<group>";
		};
		CE1EDF17286CB3A10058EDE4 /* Alarm */ = {
			isa = PBXGroup;
			children = (
				CE8800DA286CDA0100A8C1E2 /* Cells */,
				CE8800D1286CBF9C00A8C1E2 /* AlarmController.swift */,
			);
			path = Alarm;
			sourceTree = "<group>";
		};
		CE1EDF18286CB3B50058EDE4 /* Stopwatch */ = {
			isa = PBXGroup;
			children = (
				CE8800D3286CBFBD00A8C1E2 /* StopwatchController.swift */,
			);
			path = Stopwatch;
			sourceTree = "<group>";
		};
		CE1EDF19286CB3C80058EDE4 /* Timer */ = {
			isa = PBXGroup;
			children = (
				CE8800D5286CBFD000A8C1E2 /* TimerController.swift */,
			);
			path = Timer;
			sourceTree = "<group>";
		};
		CE771DDF286DFA94004C7BC6 /* Utils */ = {
			isa = PBXGroup;
			children = (
				CE771DE0286DFAA2004C7BC6 /* Extensions.swift */,
			);
			path = Utils;
			sourceTree = "<group>";
		};
		CE8800D7286CC70B00A8C1E2 /* View */ = {
			isa = PBXGroup;
			children = (
				CE8800D8286CC74400A8C1E2 /* HeaderView.swift */,
			);
			path = View;
			sourceTree = "<group>";
		};
		CE8800DA286CDA0100A8C1E2 /* Cells */ = {
			isa = PBXGroup;
			children = (
				CED4E041286D948900D82F18 /* SectionHeader */,
				CE8800DB286CDA2F00A8C1E2 /* SleepAlarmCollectionViewCell.swift */,
				CE8800DD286CDCCE00A8C1E2 /* AlarmCollectionViewCell.swift */,
			);
			path = Cells;
			sourceTree = "<group>";
		};
		CED4E041286D948900D82F18 /* SectionHeader */ = {
			isa = PBXGroup;
			children = (
				CED4E042286D94CC00D82F18 /* AlarmSectionHeaderCollectionReusableView.swift */,
			);
			path = SectionHeader;
			sourceTree = "<group>";
		};
/* End PBXGroup section */

/* Begin PBXNativeTarget section */
		CE1EDEF4286CAE060058EDE4 /* Basic_Clock */ = {
			isa = PBXNativeTarget;
			buildConfigurationList = CE1EDF09286CAE070058EDE4 /* Build configuration list for PBXNativeTarget "Basic_Clock" */;
			buildPhases = (
				CE1EDEF1286CAE060058EDE4 /* Sources */,
				CE1EDEF2286CAE060058EDE4 /* Frameworks */,
				CE1EDEF3286CAE060058EDE4 /* Resources */,
			);
			buildRules = (
			);
			dependencies = (
			);
			name = Basic_Clock;
			packageProductDependencies = (
				CE1EDF0E286CB26C0058EDE4 /* SnapKit */,
				CE1EDF13286CB30A0058EDE4 /* Then */,
			);
			productName = Basic_Clock;
			productReference = CE1EDEF5286CAE060058EDE4 /* Basic_Clock.app */;
			productType = "com.apple.product-type.application";
		};
/* End PBXNativeTarget section */

/* Begin PBXProject section */
		CE1EDEED286CAE060058EDE4 /* Project object */ = {
			isa = PBXProject;
			attributes = {
				BuildIndependentTargetsInParallel = 1;
				LastSwiftUpdateCheck = 1330;
				LastUpgradeCheck = 1330;
				TargetAttributes = {
					CE1EDEF4286CAE060058EDE4 = {
						CreatedOnToolsVersion = 13.3;
					};
				};
			};
			buildConfigurationList = CE1EDEF0286CAE060058EDE4 /* Build configuration list for PBXProject "Basic_Clock" */;
			compatibilityVersion = "Xcode 13.0";
			developmentRegion = en;
			hasScannedForEncodings = 0;
			knownRegions = (
				en,
				Base,
			);
			mainGroup = CE1EDEEC286CAE060058EDE4;
			packageReferences = (
				CE1EDF0D286CB26C0058EDE4 /* XCRemoteSwiftPackageReference "SnapKit" */,
				CE1EDF12286CB30A0058EDE4 /* XCRemoteSwiftPackageReference "Then" */,
			);
			productRefGroup = CE1EDEF6286CAE060058EDE4 /* Products */;
			projectDirPath = "";
			projectRoot = "";
			targets = (
				CE1EDEF4286CAE060058EDE4 /* Basic_Clock */,
			);
		};
/* End PBXProject section */

/* Begin PBXResourcesBuildPhase section */
		CE1EDEF3286CAE060058EDE4 /* Resources */ = {
			isa = PBXResourcesBuildPhase;
			buildActionMask = 2147483647;
			files = (
				CE1EDF05286CAE070058EDE4 /* LaunchScreen.storyboard in Resources */,
				CE1EDF02286CAE070058EDE4 /* Assets.xcassets in Resources */,
			);
			runOnlyForDeploymentPostprocessing = 0;
		};
/* End PBXResourcesBuildPhase section */

/* Begin PBXSourcesBuildPhase section */
		CE1EDEF1286CAE060058EDE4 /* Sources */ = {
			isa = PBXSourcesBuildPhase;
			buildActionMask = 2147483647;
			files = (
				CED4E043286D94CC00D82F18 /* AlarmSectionHeaderCollectionReusableView.swift in Sources */,
				CE1EDEFD286CAE060058EDE4 /* MainTabController.swift in Sources */,
				CE8800D2286CBF9C00A8C1E2 /* AlarmController.swift in Sources */,
				CE1EDEF9286CAE060058EDE4 /* AppDelegate.swift in Sources */,
				CE8800D0286CBF3D00A8C1E2 /* WorldTimeController.swift in Sources */,
				CE8800D6286CBFD000A8C1E2 /* TimerController.swift in Sources */,
				CE1EDEFB286CAE060058EDE4 /* SceneDelegate.swift in Sources */,
				CE771DE1286DFAA2004C7BC6 /* Extensions.swift in Sources */,
				CE8800DE286CDCCE00A8C1E2 /* AlarmCollectionViewCell.swift in Sources */,
				CE8800DC286CDA2F00A8C1E2 /* SleepAlarmCollectionViewCell.swift in Sources */,
				CE8800D4286CBFBD00A8C1E2 /* StopwatchController.swift in Sources */,
				CE8800D9286CC74400A8C1E2 /* HeaderView.swift in Sources */,
			);
			runOnlyForDeploymentPostprocessing = 0;
		};
/* End PBXSourcesBuildPhase section */

/* Begin PBXVariantGroup section */
		CE1EDF03286CAE070058EDE4 /* LaunchScreen.storyboard */ = {
			isa = PBXVariantGroup;
			children = (
				CE1EDF04286CAE070058EDE4 /* Base */,
			);
			name = LaunchScreen.storyboard;
			sourceTree = "<group>";
		};
/* End PBXVariantGroup section */

/* Begin XCBuildConfiguration section */
		CE1EDF07286CAE070058EDE4 /* Debug */ = {
			isa = XCBuildConfiguration;
			buildSettings = {
				ALWAYS_SEARCH_USER_PATHS = NO;
				CLANG_ANALYZER_NONNULL = YES;
				CLANG_ANALYZER_NUMBER_OBJECT_CONVERSION = YES_AGGRESSIVE;
				CLANG_CXX_LANGUAGE_STANDARD = "gnu++17";
				CLANG_ENABLE_MODULES = YES;
				CLANG_ENABLE_OBJC_ARC = YES;
				CLANG_ENABLE_OBJC_WEAK = YES;
				CLANG_WARN_BLOCK_CAPTURE_AUTORELEASING = YES;
				CLANG_WARN_BOOL_CONVERSION = YES;
				CLANG_WARN_COMMA = YES;
				CLANG_WARN_CONSTANT_CONVERSION = YES;
				CLANG_WARN_DEPRECATED_OBJC_IMPLEMENTATIONS = YES;
				CLANG_WARN_DIRECT_OBJC_ISA_USAGE = YES_ERROR;
				CLANG_WARN_DOCUMENTATION_COMMENTS = YES;
				CLANG_WARN_EMPTY_BODY = YES;
				CLANG_WARN_ENUM_CONVERSION = YES;
				CLANG_WARN_INFINITE_RECURSION = YES;
				CLANG_WARN_INT_CONVERSION = YES;
				CLANG_WARN_NON_LITERAL_NULL_CONVERSION = YES;
				CLANG_WARN_OBJC_IMPLICIT_RETAIN_SELF = YES;
				CLANG_WARN_OBJC_LITERAL_CONVERSION = YES;
				CLANG_WARN_OBJC_ROOT_CLASS = YES_ERROR;
				CLANG_WARN_QUOTED_INCLUDE_IN_FRAMEWORK_HEADER = YES;
				CLANG_WARN_RANGE_LOOP_ANALYSIS = YES;
				CLANG_WARN_STRICT_PROTOTYPES = YES;
				CLANG_WARN_SUSPICIOUS_MOVE = YES;
				CLANG_WARN_UNGUARDED_AVAILABILITY = YES_AGGRESSIVE;
				CLANG_WARN_UNREACHABLE_CODE = YES;
				CLANG_WARN__DUPLICATE_METHOD_MATCH = YES;
				COPY_PHASE_STRIP = NO;
				DEBUG_INFORMATION_FORMAT = dwarf;
				ENABLE_STRICT_OBJC_MSGSEND = YES;
				ENABLE_TESTABILITY = YES;
				GCC_C_LANGUAGE_STANDARD = gnu11;
				GCC_DYNAMIC_NO_PIC = NO;
				GCC_NO_COMMON_BLOCKS = YES;
				GCC_OPTIMIZATION_LEVEL = 0;
				GCC_PREPROCESSOR_DEFINITIONS = (
					"DEBUG=1",
					"$(inherited)",
				);
				GCC_WARN_64_TO_32_BIT_CONVERSION = YES;
				GCC_WARN_ABOUT_RETURN_TYPE = YES_ERROR;
				GCC_WARN_UNDECLARED_SELECTOR = YES;
				GCC_WARN_UNINITIALIZED_AUTOS = YES_AGGRESSIVE;
				GCC_WARN_UNUSED_FUNCTION = YES;
				GCC_WARN_UNUSED_VARIABLE = YES;
				IPHONEOS_DEPLOYMENT_TARGET = 15.4;
				MTL_ENABLE_DEBUG_INFO = INCLUDE_SOURCE;
				MTL_FAST_MATH = YES;
				ONLY_ACTIVE_ARCH = YES;
				SDKROOT = iphoneos;
				SWIFT_ACTIVE_COMPILATION_CONDITIONS = DEBUG;
				SWIFT_OPTIMIZATION_LEVEL = "-Onone";
			};
			name = Debug;
		};
		CE1EDF08286CAE070058EDE4 /* Release */ = {
			isa = XCBuildConfiguration;
			buildSettings = {
				ALWAYS_SEARCH_USER_PATHS = NO;
				CLANG_ANALYZER_NONNULL = YES;
				CLANG_ANALYZER_NUMBER_OBJECT_CONVERSION = YES_AGGRESSIVE;
				CLANG_CXX_LANGUAGE_STANDARD = "gnu++17";
				CLANG_ENABLE_MODULES = YES;
				CLANG_ENABLE_OBJC_ARC = YES;
				CLANG_ENABLE_OBJC_WEAK = YES;
				CLANG_WARN_BLOCK_CAPTURE_AUTORELEASING = YES;
				CLANG_WARN_BOOL_CONVERSION = YES;
				CLANG_WARN_COMMA = YES;
				CLANG_WARN_CONSTANT_CONVERSION = YES;
				CLANG_WARN_DEPRECATED_OBJC_IMPLEMENTATIONS = YES;
				CLANG_WARN_DIRECT_OBJC_ISA_USAGE = YES_ERROR;
				CLANG_WARN_DOCUMENTATION_COMMENTS = YES;
				CLANG_WARN_EMPTY_BODY = YES;
				CLANG_WARN_ENUM_CONVERSION = YES;
				CLANG_WARN_INFINITE_RECURSION = YES;
				CLANG_WARN_INT_CONVERSION = YES;
				CLANG_WARN_NON_LITERAL_NULL_CONVERSION = YES;
				CLANG_WARN_OBJC_IMPLICIT_RETAIN_SELF = YES;
				CLANG_WARN_OBJC_LITERAL_CONVERSION = YES;
				CLANG_WARN_OBJC_ROOT_CLASS = YES_ERROR;
				CLANG_WARN_QUOTED_INCLUDE_IN_FRAMEWORK_HEADER = YES;
				CLANG_WARN_RANGE_LOOP_ANALYSIS = YES;
				CLANG_WARN_STRICT_PROTOTYPES = YES;
				CLANG_WARN_SUSPICIOUS_MOVE = YES;
				CLANG_WARN_UNGUARDED_AVAILABILITY = YES_AGGRESSIVE;
				CLANG_WARN_UNREACHABLE_CODE = YES;
				CLANG_WARN__DUPLICATE_METHOD_MATCH = YES;
				COPY_PHASE_STRIP = NO;
				DEBUG_INFORMATION_FORMAT = "dwarf-with-dsym";
				ENABLE_NS_ASSERTIONS = NO;
				ENABLE_STRICT_OBJC_MSGSEND = YES;
				GCC_C_LANGUAGE_STANDARD = gnu11;
				GCC_NO_COMMON_BLOCKS = YES;
				GCC_WARN_64_TO_32_BIT_CONVERSION = YES;
				GCC_WARN_ABOUT_RETURN_TYPE = YES_ERROR;
				GCC_WARN_UNDECLARED_SELECTOR = YES;
				GCC_WARN_UNINITIALIZED_AUTOS = YES_AGGRESSIVE;
				GCC_WARN_UNUSED_FUNCTION = YES;
				GCC_WARN_UNUSED_VARIABLE = YES;
				IPHONEOS_DEPLOYMENT_TARGET = 15.4;
				MTL_ENABLE_DEBUG_INFO = NO;
				MTL_FAST_MATH = YES;
				SDKROOT = iphoneos;
				SWIFT_COMPILATION_MODE = wholemodule;
				SWIFT_OPTIMIZATION_LEVEL = "-O";
				VALIDATE_PRODUCT = YES;
			};
			name = Release;
		};
		CE1EDF0A286CAE070058EDE4 /* Debug */ = {
			isa = XCBuildConfiguration;
			buildSettings = {
				ASSETCATALOG_COMPILER_APPICON_NAME = AppIcon;
				ASSETCATALOG_COMPILER_GLOBAL_ACCENT_COLOR_NAME = AccentColor;
				CODE_SIGN_STYLE = Automatic;
				CURRENT_PROJECT_VERSION = 1;
				DEVELOPMENT_TEAM = 9K86FQHDLU;
				GENERATE_INFOPLIST_FILE = YES;
				INFOPLIST_FILE = Basic_Clock/Info.plist;
				INFOPLIST_KEY_UIApplicationSupportsIndirectInputEvents = YES;
				INFOPLIST_KEY_UILaunchStoryboardName = LaunchScreen;
				INFOPLIST_KEY_UISupportedInterfaceOrientations_iPad = "UIInterfaceOrientationPortrait UIInterfaceOrientationPortraitUpsideDown UIInterfaceOrientationLandscapeLeft UIInterfaceOrientationLandscapeRight";
				INFOPLIST_KEY_UISupportedInterfaceOrientations_iPhone = "UIInterfaceOrientationPortrait UIInterfaceOrientationLandscapeLeft UIInterfaceOrientationLandscapeRight";
				LD_RUNPATH_SEARCH_PATHS = (
					"$(inherited)",
					"@executable_path/Frameworks",
				);
				MARKETING_VERSION = 1.0;
				PRODUCT_BUNDLE_IDENTIFIER = "com.sejin.Basic-Clock";
				PRODUCT_NAME = "$(TARGET_NAME)";
				SWIFT_EMIT_LOC_STRINGS = YES;
				SWIFT_VERSION = 5.0;
				TARGETED_DEVICE_FAMILY = "1,2";
			};
			name = Debug;
		};
		CE1EDF0B286CAE070058EDE4 /* Release */ = {
			isa = XCBuildConfiguration;
			buildSettings = {
				ASSETCATALOG_COMPILER_APPICON_NAME = AppIcon;
				ASSETCATALOG_COMPILER_GLOBAL_ACCENT_COLOR_NAME = AccentColor;
				CODE_SIGN_STYLE = Automatic;
				CURRENT_PROJECT_VERSION = 1;
				DEVELOPMENT_TEAM = 9K86FQHDLU;
				GENERATE_INFOPLIST_FILE = YES;
				INFOPLIST_FILE = Basic_Clock/Info.plist;
				INFOPLIST_KEY_UIApplicationSupportsIndirectInputEvents = YES;
				INFOPLIST_KEY_UILaunchStoryboardName = LaunchScreen;
				INFOPLIST_KEY_UISupportedInterfaceOrientations_iPad = "UIInterfaceOrientationPortrait UIInterfaceOrientationPortraitUpsideDown UIInterfaceOrientationLandscapeLeft UIInterfaceOrientationLandscapeRight";
				INFOPLIST_KEY_UISupportedInterfaceOrientations_iPhone = "UIInterfaceOrientationPortrait UIInterfaceOrientationLandscapeLeft UIInterfaceOrientationLandscapeRight";
				LD_RUNPATH_SEARCH_PATHS = (
					"$(inherited)",
					"@executable_path/Frameworks",
				);
				MARKETING_VERSION = 1.0;
				PRODUCT_BUNDLE_IDENTIFIER = "com.sejin.Basic-Clock";
				PRODUCT_NAME = "$(TARGET_NAME)";
				SWIFT_EMIT_LOC_STRINGS = YES;
				SWIFT_VERSION = 5.0;
				TARGETED_DEVICE_FAMILY = "1,2";
			};
			name = Release;
		};
/* End XCBuildConfiguration section */

/* Begin XCConfigurationList section */
		CE1EDEF0286CAE060058EDE4 /* Build configuration list for PBXProject "Basic_Clock" */ = {
			isa = XCConfigurationList;
			buildConfigurations = (
				CE1EDF07286CAE070058EDE4 /* Debug */,
				CE1EDF08286CAE070058EDE4 /* Release */,
			);
			defaultConfigurationIsVisible = 0;
			defaultConfigurationName = Release;
		};
		CE1EDF09286CAE070058EDE4 /* Build configuration list for PBXNativeTarget "Basic_Clock" */ = {
			isa = XCConfigurationList;
			buildConfigurations = (
				CE1EDF0A286CAE070058EDE4 /* Debug */,
				CE1EDF0B286CAE070058EDE4 /* Release */,
			);
			defaultConfigurationIsVisible = 0;
			defaultConfigurationName = Release;
		};
/* End XCConfigurationList section */

/* Begin XCRemoteSwiftPackageReference section */
		CE1EDF0D286CB26C0058EDE4 /* XCRemoteSwiftPackageReference "SnapKit" */ = {
			isa = XCRemoteSwiftPackageReference;
			repositoryURL = "https://github.com/SnapKit/SnapKit";
			requirement = {
				kind = upToNextMajorVersion;
				minimumVersion = 5.0.0;
			};
		};
		CE1EDF12286CB30A0058EDE4 /* XCRemoteSwiftPackageReference "Then" */ = {
			isa = XCRemoteSwiftPackageReference;
			repositoryURL = "https://github.com/devxoul/Then";
			requirement = {
				kind = upToNextMajorVersion;
				minimumVersion = 3.0.0;
			};
		};
/* End XCRemoteSwiftPackageReference section */

/* Begin XCSwiftPackageProductDependency section */
		CE1EDF0E286CB26C0058EDE4 /* SnapKit */ = {
			isa = XCSwiftPackageProductDependency;
			package = CE1EDF0D286CB26C0058EDE4 /* XCRemoteSwiftPackageReference "SnapKit" */;
			productName = SnapKit;
		};
		CE1EDF13286CB30A0058EDE4 /* Then */ = {
			isa = XCSwiftPackageProductDependency;
			package = CE1EDF12286CB30A0058EDE4 /* XCRemoteSwiftPackageReference "Then" */;
			productName = Then;
		};
/* End XCSwiftPackageProductDependency section */
	};
	rootObject = CE1EDEED286CAE060058EDE4 /* Project object */;
}
